
Microsoft Visual Studio Solution File, Format Version 12.00
# Visual Studio Version 17
VisualStudioVersion = 17.9.34701.34
MinimumVisualStudioVersion = 10.0.40219.1
Project("{FAE04EC0-301F-11D3-BF4B-00C04F79EFBC}") = "APICatalogo", "APICatalogo\APICatalogo.csproj", "{4FD20004-F888-4C60-BAFA-52FAE67AAEDC}"
EndProject
Global
	GlobalSection(SolutionConfigurationPlatforms) = preSolution
		Debug|Any CPU = Debug|Any CPU
		Release|Any CPU = Release|Any CPU
	EndGlobalSection
	GlobalSection(ProjectConfigurationPlatforms) = postSolution
		{4FD20004-F888-4C60-BAFA-52FAE67AAEDC}.Debug|Any CPU.ActiveCfg = Debug|Any CPU
		{4FD20004-F888-4C60-BAFA-52FAE67AAEDC}.Debug|Any CPU.Build.0 = Debug|Any CPU
		{4FD20004-F888-4C60-BAFA-52FAE67AAEDC}.Release|Any CPU.ActiveCfg = Release|Any CPU
		{4FD20004-F888-4C60-BAFA-52FAE67AAEDC}.Release|Any CPU.Build.0 = Release|Any CPU
	EndGlobalSection
	GlobalSection(SolutionProperties) = preSolution
		HideSolutionNode = FALSE
	EndGlobalSection
	GlobalSection(ExtensibilityGlobals) = postSolution
		SolutionGuid = {B52DC041-90B0-41BE-A930-403B5E011021}
	EndGlobalSection
EndGlobal
